
Microsoft Visual Studio Solution File, Format Version 12.00
# Visual Studio Version 17
VisualStudioVersion = 17.1.32210.238
MinimumVisualStudioVersion = 10.0.40219.1
Project("{9A19103F-16F7-4668-BE54-9A1E7A4F7556}") = "ApiClientGenerator", "ApiClientGenerator\ApiClientGenerator.csproj", "{D69627BB-2E83-4417-9D67-463A5308CF6D}"
EndProject
Project("{2150E333-8FDC-42A3-9474-1A3956D46DE8}") = "ApiClientGenerator.Testing", "ApiClientGenerator.Testing", "{07038FF7-199D-4E7B-AFEF-E9B30DE32F2B}"
EndProject
Project("{9A19103F-16F7-4668-BE54-9A1E7A4F7556}") = "SimpleWebApi", "ApiClientGenerator.Testing\SimpleWebApi\SimpleWebApi.csproj", "{013D87DD-265A-4FDF-A9DD-AD06D1B7855C}"
EndProject
Project("{9A19103F-16F7-4668-BE54-9A1E7A4F7556}") = "TestingContracts", "ApiClientGenerator.Testing\TestingContracts\TestingContracts.csproj", "{AC923658-BF04-4851-B881-1DFEA2416FC6}"
EndProject
Project("{9A19103F-16F7-4668-BE54-9A1E7A4F7556}") = "TestingPlayground", "ApiClientGenerator.Testing\TestingPlayground\TestingPlayground.csproj", "{CBB36625-843E-4CCE-BB8E-BAFEB86D7AF8}"
EndProject
Project("{9A19103F-16F7-4668-BE54-9A1E7A4F7556}") = "TestingPlayground.CSharp", "ApiClientGenerator.Testing\TestingPlayground.CSharp\TestingPlayground.CSharp.csproj", "{BB0936CF-5207-457A-9008-649F945F877D}"
EndProject
Project("{2150E333-8FDC-42A3-9474-1A3956D46DE8}") = "Documentation", "Documentation", "{6EC46177-5E82-430D-B5AB-97FE3287496A}"
	ProjectSection(SolutionItems) = preProject
		docs\configuration.md = docs\configuration.md
		README.md = README.md
	EndProjectSection
EndProject
Project("{9A19103F-16F7-4668-BE54-9A1E7A4F7556}") = "TestingClient", "ApiClientGenerator.Testing\TestingClient\TestingClient.csproj", "{5CF6AE86-ACF8-41A6-BEA1-DA3EEEF2FC7B}"
EndProject
Project("{FAE04EC0-301F-11D3-BF4B-00C04F79EFBC}") = "SimpleTestingApi", "ApiClientGenerator.Testing\SimpleTestingApi\SimpleTestingApi.csproj", "{C4ED621E-8B1D-4FB1-A226-2D11BE645B72}"
EndProject
Project("{FAE04EC0-301F-11D3-BF4B-00C04F79EFBC}") = "SimpleTestingApi.CSharp", "ApiClientGenerator.Testing\SimpleTestingApi.CSharp\SimpleTestingApi.CSharp.csproj", "{32A174C9-E519-43B5-B23D-8DB02EA07604}"
EndProject
Global
	GlobalSection(SolutionConfigurationPlatforms) = preSolution
		Debug|Any CPU = Debug|Any CPU
		Release|Any CPU = Release|Any CPU
	EndGlobalSection
	GlobalSection(ProjectConfigurationPlatforms) = postSolution
		{D69627BB-2E83-4417-9D67-463A5308CF6D}.Debug|Any CPU.ActiveCfg = Debug|Any CPU
		{D69627BB-2E83-4417-9D67-463A5308CF6D}.Debug|Any CPU.Build.0 = Debug|Any CPU
		{D69627BB-2E83-4417-9D67-463A5308CF6D}.Release|Any CPU.ActiveCfg = Release|Any CPU
		{D69627BB-2E83-4417-9D67-463A5308CF6D}.Release|Any CPU.Build.0 = Release|Any CPU
		{013D87DD-265A-4FDF-A9DD-AD06D1B7855C}.Debug|Any CPU.ActiveCfg = Debug|Any CPU
		{013D87DD-265A-4FDF-A9DD-AD06D1B7855C}.Debug|Any CPU.Build.0 = Debug|Any CPU
		{013D87DD-265A-4FDF-A9DD-AD06D1B7855C}.Release|Any CPU.ActiveCfg = Release|Any CPU
		{013D87DD-265A-4FDF-A9DD-AD06D1B7855C}.Release|Any CPU.Build.0 = Release|Any CPU
		{AC923658-BF04-4851-B881-1DFEA2416FC6}.Debug|Any CPU.ActiveCfg = Debug|Any CPU
		{AC923658-BF04-4851-B881-1DFEA2416FC6}.Debug|Any CPU.Build.0 = Debug|Any CPU
		{AC923658-BF04-4851-B881-1DFEA2416FC6}.Release|Any CPU.ActiveCfg = Release|Any CPU
		{AC923658-BF04-4851-B881-1DFEA2416FC6}.Release|Any CPU.Build.0 = Release|Any CPU
		{CBB36625-843E-4CCE-BB8E-BAFEB86D7AF8}.Debug|Any CPU.ActiveCfg = Debug|Any CPU
		{CBB36625-843E-4CCE-BB8E-BAFEB86D7AF8}.Debug|Any CPU.Build.0 = Debug|Any CPU
		{CBB36625-843E-4CCE-BB8E-BAFEB86D7AF8}.Release|Any CPU.ActiveCfg = Release|Any CPU
		{CBB36625-843E-4CCE-BB8E-BAFEB86D7AF8}.Release|Any CPU.Build.0 = Release|Any CPU
		{BB0936CF-5207-457A-9008-649F945F877D}.Debug|Any CPU.ActiveCfg = Debug|Any CPU
		{BB0936CF-5207-457A-9008-649F945F877D}.Debug|Any CPU.Build.0 = Debug|Any CPU
		{BB0936CF-5207-457A-9008-649F945F877D}.Release|Any CPU.ActiveCfg = Release|Any CPU
		{BB0936CF-5207-457A-9008-649F945F877D}.Release|Any CPU.Build.0 = Release|Any CPU
		{5CF6AE86-ACF8-41A6-BEA1-DA3EEEF2FC7B}.Debug|Any CPU.ActiveCfg = Debug|Any CPU
		{5CF6AE86-ACF8-41A6-BEA1-DA3EEEF2FC7B}.Debug|Any CPU.Build.0 = Debug|Any CPU
		{5CF6AE86-ACF8-41A6-BEA1-DA3EEEF2FC7B}.Release|Any CPU.ActiveCfg = Release|Any CPU
		{5CF6AE86-ACF8-41A6-BEA1-DA3EEEF2FC7B}.Release|Any CPU.Build.0 = Release|Any CPU
		{C4ED621E-8B1D-4FB1-A226-2D11BE645B72}.Debug|Any CPU.ActiveCfg = Debug|Any CPU
		{C4ED621E-8B1D-4FB1-A226-2D11BE645B72}.Debug|Any CPU.Build.0 = Debug|Any CPU
		{C4ED621E-8B1D-4FB1-A226-2D11BE645B72}.Release|Any CPU.ActiveCfg = Release|Any CPU
		{C4ED621E-8B1D-4FB1-A226-2D11BE645B72}.Release|Any CPU.Build.0 = Release|Any CPU
		{32A174C9-E519-43B5-B23D-8DB02EA07604}.Debug|Any CPU.ActiveCfg = Debug|Any CPU
		{32A174C9-E519-43B5-B23D-8DB02EA07604}.Debug|Any CPU.Build.0 = Debug|Any CPU
		{32A174C9-E519-43B5-B23D-8DB02EA07604}.Release|Any CPU.ActiveCfg = Release|Any CPU
		{32A174C9-E519-43B5-B23D-8DB02EA07604}.Release|Any CPU.Build.0 = Release|Any CPU
	EndGlobalSection
	GlobalSection(SolutionProperties) = preSolution
		HideSolutionNode = FALSE
	EndGlobalSection
	GlobalSection(NestedProjects) = preSolution
		{013D87DD-265A-4FDF-A9DD-AD06D1B7855C} = {07038FF7-199D-4E7B-AFEF-E9B30DE32F2B}
		{AC923658-BF04-4851-B881-1DFEA2416FC6} = {07038FF7-199D-4E7B-AFEF-E9B30DE32F2B}
		{CBB36625-843E-4CCE-BB8E-BAFEB86D7AF8} = {07038FF7-199D-4E7B-AFEF-E9B30DE32F2B}
		{BB0936CF-5207-457A-9008-649F945F877D} = {07038FF7-199D-4E7B-AFEF-E9B30DE32F2B}
		{5CF6AE86-ACF8-41A6-BEA1-DA3EEEF2FC7B} = {07038FF7-199D-4E7B-AFEF-E9B30DE32F2B}
		{C4ED621E-8B1D-4FB1-A226-2D11BE645B72} = {07038FF7-199D-4E7B-AFEF-E9B30DE32F2B}
		{32A174C9-E519-43B5-B23D-8DB02EA07604} = {07038FF7-199D-4E7B-AFEF-E9B30DE32F2B}
	EndGlobalSection
	GlobalSection(ExtensibilityGlobals) = postSolution
		SolutionGuid = {FF97F604-81DD-40F1-8923-3BF65CA6D815}
	EndGlobalSection
EndGlobal
