
Microsoft Visual Studio Solution File, Format Version 12.00
# Visual Studio Version 17
VisualStudioVersion = 17.1.32210.238
MinimumVisualStudioVersion = 10.0.40219.1
Project("{9A19103F-16F7-4668-BE54-9A1E7A4F7556}") = "ApiClientGenerator", "ApiClientGenerator\ApiClientGenerator.csproj", "{D69627BB-2E83-4417-9D67-463A5308CF6D}"
EndProject
Project("{9A19103F-16F7-4668-BE54-9A1E7A4F7556}") = "ApiTest", "ApiTest\ApiTest.csproj", "{06FF13F9-141F-468E-9AAC-47D3DF567728}"
EndProject
Project("{9A19103F-16F7-4668-BE54-9A1E7A4F7556}") = "ClassLibrary", "ClassLibrary\ClassLibrary.csproj", "{F655E4D2-E903-4ED6-9F8A-CE19E11500F1}"
EndProject
Project("{9A19103F-16F7-4668-BE54-9A1E7A4F7556}") = "SimpleWebApi", "SimpleWebApi\SimpleWebApi.csproj", "{4EBC5D2C-8822-4775-B151-227373A0BAC3}"
EndProject
Project("{2150E333-8FDC-42A3-9474-1A3956D46DE8}") = "Solution Items", "Solution Items", "{ED6A7ECA-BF90-47C7-9BC4-57B1A6CADF85}"
	ProjectSection(SolutionItems) = preProject
		README.md = README.md
	EndProjectSection
EndProject
Project("{2150E333-8FDC-42A3-9474-1A3956D46DE8}") = "docs", "docs", "{16DB65B7-4AA6-42BC-B71D-54FB778D52F2}"
EndProject
Project("{9A19103F-16F7-4668-BE54-9A1E7A4F7556}") = "TestingPlayground", "TestingPlayground\TestingPlayground.csproj", "{06DAC038-5CC2-43E0-806A-FCAC70340420}"
EndProject
Global
	GlobalSection(SolutionConfigurationPlatforms) = preSolution
		Debug|Any CPU = Debug|Any CPU
		Release|Any CPU = Release|Any CPU
	EndGlobalSection
	GlobalSection(ProjectConfigurationPlatforms) = postSolution
		{D69627BB-2E83-4417-9D67-463A5308CF6D}.Debug|Any CPU.ActiveCfg = Debug|Any CPU
		{D69627BB-2E83-4417-9D67-463A5308CF6D}.Debug|Any CPU.Build.0 = Debug|Any CPU
		{D69627BB-2E83-4417-9D67-463A5308CF6D}.Release|Any CPU.ActiveCfg = Release|Any CPU
		{D69627BB-2E83-4417-9D67-463A5308CF6D}.Release|Any CPU.Build.0 = Release|Any CPU
		{06FF13F9-141F-468E-9AAC-47D3DF567728}.Debug|Any CPU.ActiveCfg = Debug|Any CPU
		{06FF13F9-141F-468E-9AAC-47D3DF567728}.Debug|Any CPU.Build.0 = Debug|Any CPU
		{06FF13F9-141F-468E-9AAC-47D3DF567728}.Release|Any CPU.ActiveCfg = Release|Any CPU
		{06FF13F9-141F-468E-9AAC-47D3DF567728}.Release|Any CPU.Build.0 = Release|Any CPU
		{F655E4D2-E903-4ED6-9F8A-CE19E11500F1}.Debug|Any CPU.ActiveCfg = Debug|Any CPU
		{F655E4D2-E903-4ED6-9F8A-CE19E11500F1}.Debug|Any CPU.Build.0 = Debug|Any CPU
		{F655E4D2-E903-4ED6-9F8A-CE19E11500F1}.Release|Any CPU.ActiveCfg = Release|Any CPU
		{F655E4D2-E903-4ED6-9F8A-CE19E11500F1}.Release|Any CPU.Build.0 = Release|Any CPU
		{4EBC5D2C-8822-4775-B151-227373A0BAC3}.Debug|Any CPU.ActiveCfg = Debug|Any CPU
		{4EBC5D2C-8822-4775-B151-227373A0BAC3}.Debug|Any CPU.Build.0 = Debug|Any CPU
		{4EBC5D2C-8822-4775-B151-227373A0BAC3}.Release|Any CPU.ActiveCfg = Release|Any CPU
		{4EBC5D2C-8822-4775-B151-227373A0BAC3}.Release|Any CPU.Build.0 = Release|Any CPU
		{06DAC038-5CC2-43E0-806A-FCAC70340420}.Debug|Any CPU.ActiveCfg = Debug|Any CPU
		{06DAC038-5CC2-43E0-806A-FCAC70340420}.Debug|Any CPU.Build.0 = Debug|Any CPU
		{06DAC038-5CC2-43E0-806A-FCAC70340420}.Release|Any CPU.ActiveCfg = Release|Any CPU
		{06DAC038-5CC2-43E0-806A-FCAC70340420}.Release|Any CPU.Build.0 = Release|Any CPU
	EndGlobalSection
	GlobalSection(SolutionProperties) = preSolution
		HideSolutionNode = FALSE
	EndGlobalSection
	GlobalSection(NestedProjects) = preSolution
		{16DB65B7-4AA6-42BC-B71D-54FB778D52F2} = {ED6A7ECA-BF90-47C7-9BC4-57B1A6CADF85}
	EndGlobalSection
	GlobalSection(ExtensibilityGlobals) = postSolution
		SolutionGuid = {FF97F604-81DD-40F1-8923-3BF65CA6D815}
	EndGlobalSection
EndGlobal
